
Microsoft Visual Studio Solution File, Format Version 12.00
# Visual Studio 15
VisualStudioVersion = 15.0.27428.2002
MinimumVisualStudioVersion = 10.0.40219.1
Project("{FAE04EC0-301F-11D3-BF4B-00C04F79EFBC}") = "Pokemon", "Pokemon\Pokemon.csproj", "{95C8BE1B-A580-4A2C-8F2C-963D74D20E3A}"
EndProject
Global
	GlobalSection(SolutionConfigurationPlatforms) = preSolution
		Debug|Any CPU = Debug|Any CPU
		Release|Any CPU = Release|Any CPU
	EndGlobalSection
	GlobalSection(ProjectConfigurationPlatforms) = postSolution
		{95C8BE1B-A580-4A2C-8F2C-963D74D20E3A}.Debug|Any CPU.ActiveCfg = Debug|Any CPU
		{95C8BE1B-A580-4A2C-8F2C-963D74D20E3A}.Debug|Any CPU.Build.0 = Debug|Any CPU
		{95C8BE1B-A580-4A2C-8F2C-963D74D20E3A}.Release|Any CPU.ActiveCfg = Release|Any CPU
		{95C8BE1B-A580-4A2C-8F2C-963D74D20E3A}.Release|Any CPU.Build.0 = Release|Any CPU
	EndGlobalSection
	GlobalSection(SolutionProperties) = preSolution
		HideSolutionNode = FALSE
	EndGlobalSection
	GlobalSection(ExtensibilityGlobals) = postSolution
		SolutionGuid = {DAC02D50-8E4D-473D-B527-85D7DDEB4FEE}
	EndGlobalSection
EndGlobal
